Microsoft Visual Studio Solution File, Format Version 12.00
# Visual Studio 15
VisualStudioVersion = 15.0.27130.2020
MinimumVisualStudioVersion = 10.0.40219.1
Project("{FAE04EC0-301F-11D3-BF4B-00C04F79EFBC}") = "Logistika.Service", "Logistika.Service\Logistika.Service.csproj", "{79F1C361-B77C-4B11-87FE-4D22AB95FDF0}"
EndProject
Project("{2150E333-8FDC-42A3-9474-1A3956D46DE8}") = "Logistika.Service", "Logistika.Service", "{4B17FD2F-278C-488A-BF20-7CC885F5C140}"
EndProject
Project("{2150E333-8FDC-42A3-9474-1A3956D46DE8}") = "Common", "Common", "{84DC3195-F99D-4891-831A-379158E32CC1}"
EndProject
Project("{FAE04EC0-301F-11D3-BF4B-00C04F79EFBC}") = "Logistika.Service.Common", "Logistika.Service.Common\Logistika.Service.Common.csproj", "{EACE7539-305A-4471-962E-76074FDF10AD}"
EndProject
Project("{FAE04EC0-301F-11D3-BF4B-00C04F79EFBC}") = "Logistika.Service.Common.Entities", "Logistika.Service.Common.Entities\Logistika.Service.Common.Entities.csproj", "{B4571BD8-A084-4DF6-AF82-4E9F502E13EC}"
EndProject
Project("{FAE04EC0-301F-11D3-BF4B-00C04F79EFBC}") = "Logistika.Service.Common.BusinessComponentInterface", "Logistika.Service.Common.BusinessComponentInterface\Logistika.Service.Common.BusinessComponentInterface.csproj", "{5B6454A0-8779-4BAC-87DC-9EA5B3B7828E}"
EndProject
Project("{FAE04EC0-301F-11D3-BF4B-00C04F79EFBC}") = "Logistika.Service.Common.BusinessComponent", "Logistika.Service.Common.BusinessComponent\Logistika.Service.Common.BusinessComponent.csproj", "{BFD5F49C-94A9-461D-8568-AB2E9A3D0458}"
EndProject
Project("{2150E333-8FDC-42A3-9474-1A3956D46DE8}") = "BAL", "BAL", "{58C8F555-3A44-40FB-A119-DB0D0EB945C7}"
EndProject
Project("{2150E333-8FDC-42A3-9474-1A3956D46DE8}") = "DAL", "DAL", "{6CB1589F-F819-4890-A8D0-27F8E7B0AA4D}"
EndProject
Project("{FAE04EC0-301F-11D3-BF4B-00C04F79EFBC}") = "Logistika.Service.Common.DataAccessInterface", "Logistika.Service.Common.DataAccessInterface\Logistika.Service.Common.DataAccessInterface.csproj", "{24B0DCBD-8DA5-427E-A9C2-66A17A6E6ACB}"
EndProject
Project("{FAE04EC0-301F-11D3-BF4B-00C04F79EFBC}") = "Logistika.Service.Common.DataAccess", "Logistika.Service.Common.DataAccess\Logistika.Service.Common.DataAccess.csproj", "{F6711200-D480-40FC-A8E0-7D5BC9D88F43}"
EndProject
Project("{2150E333-8FDC-42A3-9474-1A3956D46DE8}") = "Logger", "Logger", "{9E7E3330-DE3F-48E4-8A91-5583F3D6DEAF}"
EndProject
Project("{FAE04EC0-301F-11D3-BF4B-00C04F79EFBC}") = "Logistika.Service.Common.Test", "Logistika.Service.Common.Test\Logistika.Service.Common.Test.csproj", "{A6F77828-7D75-4D1B-88C2-5219B79B4ABA}"
EndProject
Project("{2150E333-8FDC-42A3-9474-1A3956D46DE8}") = "BAL", "BAL", "{6DBCAB77-6950-4961-8CA5-A6E6D56FB247}"
EndProject
Project("{2150E333-8FDC-42A3-9474-1A3956D46DE8}") = "DAL", "DAL", "{EC70B8C5-9062-4240-ABCA-63AF51322320}"
EndProject
Project("{2150E333-8FDC-42A3-9474-1A3956D46DE8}") = "Common", "Common", "{7E9D16CE-67A0-4A00-9C64-E0142AC815AC}"
EndProject
Project("{2150E333-8FDC-42A3-9474-1A3956D46DE8}") = "Logger.Test", "Logger.Test", "{D8605C39-316E-4955-B244-048C71F23164}"
EndProject
Project("{FAE04EC0-301F-11D3-BF4B-00C04F79EFBC}") = "Logistika.Service.Logger.BusinessComponentInterface", "Logistika.Service.Logger.BusinessComponentInterface\Logistika.Service.Logger.BusinessComponentInterface.csproj", "{2AC50A4F-AC40-4CBF-9159-1FF51A17F4CE}"
EndProject
Project("{FAE04EC0-301F-11D3-BF4B-00C04F79EFBC}") = "Logistika.Service.Logger.BusinessComponent", "Logistika.Service.Logger.BusinessComponent\Logistika.Service.Logger.BusinessComponent.csproj", "{C781E870-2A5E-4F79-8644-2A6611A2EFDB}"
EndProject
Project("{FAE04EC0-301F-11D3-BF4B-00C04F79EFBC}") = "Logistika.Service.Logger.DataAccessInterface", "Logistika.Service.Logger.DataAccessInterface\Logistika.Service.Logger.DataAccessInterface.csproj", "{1F9BEBEB-1B44-44F6-84D0-236908C0765D}"
EndProject
Project("{FAE04EC0-301F-11D3-BF4B-00C04F79EFBC}") = "Logistika.Service.Logger.DataAccess", "Logistika.Service.LoggerDataAccess\Logistika.Service.Logger.DataAccess.csproj", "{252FBE44-4A26-4C1B-AA0F-C870DD9DA7E2}"
EndProject
Project("{2150E333-8FDC-42A3-9474-1A3956D46DE8}") = "App", "App", "{730E7A0B-2060-4373-B3EC-981088B57909}"
EndProject
Project("{9A19103F-16F7-4668-BE54-9A1E7A4F7556}") = "Logistika.Service.Common.EntityValidation", "Logistika.Service.Common.EntityValidation\Logistika.Service.Common.EntityValidation.csproj", "{B1529FD4-C051-4FA3-B768-DEBE39A3EB1C}"
EndProject
Project("{FAE04EC0-301F-11D3-BF4B-00C04F79EFBC}") = "Test", "Test\Test.csproj", "{B0AE9946-F713-4603-B91A-AF98FE4E7782}"
EndProject
Global
	GlobalSection(SolutionConfigurationPlatforms) = preSolution
		Debug|Any CPU = Debug|Any CPU
		LKW|Any CPU = LKW|Any CPU
		MMH|Any CPU = MMH|Any CPU
		Release|Any CPU = Release|Any CPU
		UAT|Any CPU = UAT|Any CPU
	EndGlobalSection
	GlobalSection(ProjectConfigurationPlatforms) = postSolution
		{79F1C361-B77C-4B11-87FE-4D22AB95FDF0}.Debug|Any CPU.ActiveCfg = Debug|Any CPU
		{79F1C361-B77C-4B11-87FE-4D22AB95FDF0}.Debug|Any CPU.Build.0 = Debug|Any CPU
		{79F1C361-B77C-4B11-87FE-4D22AB95FDF0}.LKW|Any CPU.ActiveCfg = Release|Any CPU
		{79F1C361-B77C-4B11-87FE-4D22AB95FDF0}.LKW|Any CPU.Build.0 = Release|Any CPU
		{79F1C361-B77C-4B11-87FE-4D22AB95FDF0}.MMH|Any CPU.ActiveCfg = Release|Any CPU
		{79F1C361-B77C-4B11-87FE-4D22AB95FDF0}.MMH|Any CPU.Build.0 = Release|Any CPU
		{79F1C361-B77C-4B11-87FE-4D22AB95FDF0}.Release|Any CPU.ActiveCfg = Release|Any CPU
		{79F1C361-B77C-4B11-87FE-4D22AB95FDF0}.Release|Any CPU.Build.0 = Release|Any CPU
		{79F1C361-B77C-4B11-87FE-4D22AB95FDF0}.UAT|Any CPU.ActiveCfg = Release|Any CPU
		{79F1C361-B77C-4B11-87FE-4D22AB95FDF0}.UAT|Any CPU.Build.0 = Release|Any CPU
		{EACE7539-305A-4471-962E-76074FDF10AD}.Debug|Any CPU.ActiveCfg = Debug|Any CPU
		{EACE7539-305A-4471-962E-76074FDF10AD}.Debug|Any CPU.Build.0 = Debug|Any CPU
		{EACE7539-305A-4471-962E-76074FDF10AD}.LKW|Any CPU.ActiveCfg = Release|Any CPU
		{EACE7539-305A-4471-962E-76074FDF10AD}.LKW|Any CPU.Build.0 = Release|Any CPU
		{EACE7539-305A-4471-962E-76074FDF10AD}.MMH|Any CPU.ActiveCfg = Release|Any CPU
		{EACE7539-305A-4471-962E-76074FDF10AD}.MMH|Any CPU.Build.0 = Release|Any CPU
		{EACE7539-305A-4471-962E-76074FDF10AD}.Release|Any CPU.ActiveCfg = Release|Any CPU
		{EACE7539-305A-4471-962E-76074FDF10AD}.Release|Any CPU.Build.0 = Release|Any CPU
		{EACE7539-305A-4471-962E-76074FDF10AD}.UAT|Any CPU.ActiveCfg = Release|Any CPU
		{EACE7539-305A-4471-962E-76074FDF10AD}.UAT|Any CPU.Build.0 = Release|Any CPU
		{B4571BD8-A084-4DF6-AF82-4E9F502E13EC}.Debug|Any CPU.ActiveCfg = Debug|Any CPU
		{B4571BD8-A084-4DF6-AF82-4E9F502E13EC}.Debug|Any CPU.Build.0 = Debug|Any CPU
		{B4571BD8-A084-4DF6-AF82-4E9F502E13EC}.LKW|Any CPU.ActiveCfg = Release|Any CPU
		{B4571BD8-A084-4DF6-AF82-4E9F502E13EC}.LKW|Any CPU.Build.0 = Release|Any CPU
		{B4571BD8-A084-4DF6-AF82-4E9F502E13EC}.MMH|Any CPU.ActiveCfg = Release|Any CPU
		{B4571BD8-A084-4DF6-AF82-4E9F502E13EC}.MMH|Any CPU.Build.0 = Release|Any CPU
		{B4571BD8-A084-4DF6-AF82-4E9F502E13EC}.Release|Any CPU.ActiveCfg = Release|Any CPU
		{B4571BD8-A084-4DF6-AF82-4E9F502E13EC}.Release|Any CPU.Build.0 = Release|Any CPU
		{B4571BD8-A084-4DF6-AF82-4E9F502E13EC}.UAT|Any CPU.ActiveCfg = Release|Any CPU
		{B4571BD8-A084-4DF6-AF82-4E9F502E13EC}.UAT|Any CPU.Build.0 = Release|Any CPU
		{5B6454A0-8779-4BAC-87DC-9EA5B3B7828E}.Debug|Any CPU.ActiveCfg = Debug|Any CPU
		{5B6454A0-8779-4BAC-87DC-9EA5B3B7828E}.Debug|Any CPU.Build.0 = Debug|Any CPU
		{5B6454A0-8779-4BAC-87DC-9EA5B3B7828E}.LKW|Any CPU.ActiveCfg = Release|Any CPU
		{5B6454A0-8779-4BAC-87DC-9EA5B3B7828E}.LKW|Any CPU.Build.0 = Release|Any CPU
		{5B6454A0-8779-4BAC-87DC-9EA5B3B7828E}.MMH|Any CPU.ActiveCfg = Release|Any CPU
		{5B6454A0-8779-4BAC-87DC-9EA5B3B7828E}.MMH|Any CPU.Build.0 = Release|Any CPU
		{5B6454A0-8779-4BAC-87DC-9EA5B3B7828E}.Release|Any CPU.ActiveCfg = Release|Any CPU
		{5B6454A0-8779-4BAC-87DC-9EA5B3B7828E}.Release|Any CPU.Build.0 = Release|Any CPU
		{5B6454A0-8779-4BAC-87DC-9EA5B3B7828E}.UAT|Any CPU.ActiveCfg = Release|Any CPU
		{5B6454A0-8779-4BAC-87DC-9EA5B3B7828E}.UAT|Any CPU.Build.0 = Release|Any CPU
		{BFD5F49C-94A9-461D-8568-AB2E9A3D0458}.Debug|Any CPU.ActiveCfg = Debug|Any CPU
		{BFD5F49C-94A9-461D-8568-AB2E9A3D0458}.Debug|Any CPU.Build.0 = Debug|Any CPU
		{BFD5F49C-94A9-461D-8568-AB2E9A3D0458}.LKW|Any CPU.ActiveCfg = Release|Any CPU
		{BFD5F49C-94A9-461D-8568-AB2E9A3D0458}.LKW|Any CPU.Build.0 = Release|Any CPU
		{BFD5F49C-94A9-461D-8568-AB2E9A3D0458}.MMH|Any CPU.ActiveCfg = Release|Any CPU
		{BFD5F49C-94A9-461D-8568-AB2E9A3D0458}.MMH|Any CPU.Build.0 = Release|Any CPU
		{BFD5F49C-94A9-461D-8568-AB2E9A3D0458}.Release|Any CPU.ActiveCfg = Release|Any CPU
		{BFD5F49C-94A9-461D-8568-AB2E9A3D0458}.Release|Any CPU.Build.0 = Release|Any CPU
		{BFD5F49C-94A9-461D-8568-AB2E9A3D0458}.UAT|Any CPU.ActiveCfg = Release|Any CPU
		{BFD5F49C-94A9-461D-8568-AB2E9A3D0458}.UAT|Any CPU.Build.0 = Release|Any CPU
		{24B0DCBD-8DA5-427E-A9C2-66A17A6E6ACB}.Debug|Any CPU.ActiveCfg = Debug|Any CPU
		{24B0DCBD-8DA5-427E-A9C2-66A17A6E6ACB}.Debug|Any CPU.Build.0 = Debug|Any CPU
		{24B0DCBD-8DA5-427E-A9C2-66A17A6E6ACB}.LKW|Any CPU.ActiveCfg = Release|Any CPU
		{24B0DCBD-8DA5-427E-A9C2-66A17A6E6ACB}.LKW|Any CPU.Build.0 = Release|Any CPU
		{24B0DCBD-8DA5-427E-A9C2-66A17A6E6ACB}.MMH|Any CPU.ActiveCfg = Release|Any CPU
		{24B0DCBD-8DA5-427E-A9C2-66A17A6E6ACB}.MMH|Any CPU.Build.0 = Release|Any CPU
		{24B0DCBD-8DA5-427E-A9C2-66A17A6E6ACB}.Release|Any CPU.ActiveCfg = Release|Any CPU
		{24B0DCBD-8DA5-427E-A9C2-66A17A6E6ACB}.Release|Any CPU.Build.0 = Release|Any CPU
		{24B0DCBD-8DA5-427E-A9C2-66A17A6E6ACB}.UAT|Any CPU.ActiveCfg = Release|Any CPU
		{24B0DCBD-8DA5-427E-A9C2-66A17A6E6ACB}.UAT|Any CPU.Build.0 = Release|Any CPU
		{F6711200-D480-40FC-A8E0-7D5BC9D88F43}.Debug|Any CPU.ActiveCfg = Debug|Any CPU
		{F6711200-D480-40FC-A8E0-7D5BC9D88F43}.Debug|Any CPU.Build.0 = Debug|Any CPU
		{F6711200-D480-40FC-A8E0-7D5BC9D88F43}.LKW|Any CPU.ActiveCfg = Release|Any CPU
		{F6711200-D480-40FC-A8E0-7D5BC9D88F43}.LKW|Any CPU.Build.0 = Release|Any CPU
		{F6711200-D480-40FC-A8E0-7D5BC9D88F43}.MMH|Any CPU.ActiveCfg = Release|Any CPU
		{F6711200-D480-40FC-A8E0-7D5BC9D88F43}.MMH|Any CPU.Build.0 = Release|Any CPU
		{F6711200-D480-40FC-A8E0-7D5BC9D88F43}.Release|Any CPU.ActiveCfg = Release|Any CPU
		{F6711200-D480-40FC-A8E0-7D5BC9D88F43}.Release|Any CPU.Build.0 = Release|Any CPU
		{F6711200-D480-40FC-A8E0-7D5BC9D88F43}.UAT|Any CPU.ActiveCfg = Release|Any CPU
		{F6711200-D480-40FC-A8E0-7D5BC9D88F43}.UAT|Any CPU.Build.0 = Release|Any CPU
		{A6F77828-7D75-4D1B-88C2-5219B79B4ABA}.Debug|Any CPU.ActiveCfg = Debug|Any CPU
		{A6F77828-7D75-4D1B-88C2-5219B79B4ABA}.Debug|Any CPU.Build.0 = Debug|Any CPU
		{A6F77828-7D75-4D1B-88C2-5219B79B4ABA}.LKW|Any CPU.ActiveCfg = Release|Any CPU
		{A6F77828-7D75-4D1B-88C2-5219B79B4ABA}.LKW|Any CPU.Build.0 = Release|Any CPU
		{A6F77828-7D75-4D1B-88C2-5219B79B4ABA}.MMH|Any CPU.ActiveCfg = Release|Any CPU
		{A6F77828-7D75-4D1B-88C2-5219B79B4ABA}.MMH|Any CPU.Build.0 = Release|Any CPU
		{A6F77828-7D75-4D1B-88C2-5219B79B4ABA}.Release|Any CPU.ActiveCfg = Release|Any CPU
		{A6F77828-7D75-4D1B-88C2-5219B79B4ABA}.Release|Any CPU.Build.0 = Release|Any CPU
		{A6F77828-7D75-4D1B-88C2-5219B79B4ABA}.UAT|Any CPU.ActiveCfg = Release|Any CPU
		{A6F77828-7D75-4D1B-88C2-5219B79B4ABA}.UAT|Any CPU.Build.0 = Release|Any CPU
		{2AC50A4F-AC40-4CBF-9159-1FF51A17F4CE}.Debug|Any CPU.ActiveCfg = Debug|Any CPU
		{2AC50A4F-AC40-4CBF-9159-1FF51A17F4CE}.Debug|Any CPU.Build.0 = Debug|Any CPU
		{2AC50A4F-AC40-4CBF-9159-1FF51A17F4CE}.LKW|Any CPU.ActiveCfg = Release|Any CPU
		{2AC50A4F-AC40-4CBF-9159-1FF51A17F4CE}.LKW|Any CPU.Build.0 = Release|Any CPU
		{2AC50A4F-AC40-4CBF-9159-1FF51A17F4CE}.MMH|Any CPU.ActiveCfg = Release|Any CPU
		{2AC50A4F-AC40-4CBF-9159-1FF51A17F4CE}.MMH|Any CPU.Build.0 = Release|Any CPU
		{2AC50A4F-AC40-4CBF-9159-1FF51A17F4CE}.Release|Any CPU.ActiveCfg = Release|Any CPU
		{2AC50A4F-AC40-4CBF-9159-1FF51A17F4CE}.Release|Any CPU.Build.0 = Release|Any CPU
		{2AC50A4F-AC40-4CBF-9159-1FF51A17F4CE}.UAT|Any CPU.ActiveCfg = Release|Any CPU
		{2AC50A4F-AC40-4CBF-9159-1FF51A17F4CE}.UAT|Any CPU.Build.0 = Release|Any CPU
		{C781E870-2A5E-4F79-8644-2A6611A2EFDB}.Debug|Any CPU.ActiveCfg = Debug|Any CPU
		{C781E870-2A5E-4F79-8644-2A6611A2EFDB}.Debug|Any CPU.Build.0 = Debug|Any CPU
		{C781E870-2A5E-4F79-8644-2A6611A2EFDB}.LKW|Any CPU.ActiveCfg = Release|Any CPU
		{C781E870-2A5E-4F79-8644-2A6611A2EFDB}.LKW|Any CPU.Build.0 = Release|Any CPU
		{C781E870-2A5E-4F79-8644-2A6611A2EFDB}.MMH|Any CPU.ActiveCfg = Release|Any CPU
		{C781E870-2A5E-4F79-8644-2A6611A2EFDB}.MMH|Any CPU.Build.0 = Release|Any CPU
		{C781E870-2A5E-4F79-8644-2A6611A2EFDB}.Release|Any CPU.ActiveCfg = Release|Any CPU
		{C781E870-2A5E-4F79-8644-2A6611A2EFDB}.Release|Any CPU.Build.0 = Release|Any CPU
		{C781E870-2A5E-4F79-8644-2A6611A2EFDB}.UAT|Any CPU.ActiveCfg = Release|Any CPU
		{C781E870-2A5E-4F79-8644-2A6611A2EFDB}.UAT|Any CPU.Build.0 = Release|Any CPU
		{1F9BEBEB-1B44-44F6-84D0-236908C0765D}.Debug|Any CPU.ActiveCfg = Debug|Any CPU
		{1F9BEBEB-1B44-44F6-84D0-236908C0765D}.Debug|Any CPU.Build.0 = Debug|Any CPU
		{1F9BEBEB-1B44-44F6-84D0-236908C0765D}.LKW|Any CPU.ActiveCfg = Release|Any CPU
		{1F9BEBEB-1B44-44F6-84D0-236908C0765D}.LKW|Any CPU.Build.0 = Release|Any CPU
		{1F9BEBEB-1B44-44F6-84D0-236908C0765D}.MMH|Any CPU.ActiveCfg = Release|Any CPU
		{1F9BEBEB-1B44-44F6-84D0-236908C0765D}.MMH|Any CPU.Build.0 = Release|Any CPU
		{1F9BEBEB-1B44-44F6-84D0-236908C0765D}.Release|Any CPU.ActiveCfg = Release|Any CPU
		{1F9BEBEB-1B44-44F6-84D0-236908C0765D}.Release|Any CPU.Build.0 = Release|Any CPU
		{1F9BEBEB-1B44-44F6-84D0-236908C0765D}.UAT|Any CPU.ActiveCfg = Release|Any CPU
		{1F9BEBEB-1B44-44F6-84D0-236908C0765D}.UAT|Any CPU.Build.0 = Release|Any CPU
		{252FBE44-4A26-4C1B-AA0F-C870DD9DA7E2}.Debug|Any CPU.ActiveCfg = Debug|Any CPU
		{252FBE44-4A26-4C1B-AA0F-C870DD9DA7E2}.Debug|Any CPU.Build.0 = Debug|Any CPU
		{252FBE44-4A26-4C1B-AA0F-C870DD9DA7E2}.LKW|Any CPU.ActiveCfg = Release|Any CPU
		{252FBE44-4A26-4C1B-AA0F-C870DD9DA7E2}.LKW|Any CPU.Build.0 = Release|Any CPU
		{252FBE44-4A26-4C1B-AA0F-C870DD9DA7E2}.MMH|Any CPU.ActiveCfg = Release|Any CPU
		{252FBE44-4A26-4C1B-AA0F-C870DD9DA7E2}.MMH|Any CPU.Build.0 = Release|Any CPU
		{252FBE44-4A26-4C1B-AA0F-C870DD9DA7E2}.Release|Any CPU.ActiveCfg = Release|Any CPU
		{252FBE44-4A26-4C1B-AA0F-C870DD9DA7E2}.Release|Any CPU.Build.0 = Release|Any CPU
		{252FBE44-4A26-4C1B-AA0F-C870DD9DA7E2}.UAT|Any CPU.ActiveCfg = Release|Any CPU
		{252FBE44-4A26-4C1B-AA0F-C870DD9DA7E2}.UAT|Any CPU.Build.0 = Release|Any CPU
		{B1529FD4-C051-4FA3-B768-DEBE39A3EB1C}.Debug|Any CPU.ActiveCfg = Debug|Any CPU
		{B1529FD4-C051-4FA3-B768-DEBE39A3EB1C}.Debug|Any CPU.Build.0 = Debug|Any CPU
		{B1529FD4-C051-4FA3-B768-DEBE39A3EB1C}.LKW|Any CPU.ActiveCfg = Debug|Any CPU
		{B1529FD4-C051-4FA3-B768-DEBE39A3EB1C}.LKW|Any CPU.Build.0 = Debug|Any CPU
		{B1529FD4-C051-4FA3-B768-DEBE39A3EB1C}.MMH|Any CPU.ActiveCfg = Debug|Any CPU
		{B1529FD4-C051-4FA3-B768-DEBE39A3EB1C}.MMH|Any CPU.Build.0 = Debug|Any CPU
		{B1529FD4-C051-4FA3-B768-DEBE39A3EB1C}.Release|Any CPU.ActiveCfg = Release|Any CPU
		{B1529FD4-C051-4FA3-B768-DEBE39A3EB1C}.Release|Any CPU.Build.0 = Release|Any CPU
		{B1529FD4-C051-4FA3-B768-DEBE39A3EB1C}.UAT|Any CPU.ActiveCfg = Debug|Any CPU
		{B1529FD4-C051-4FA3-B768-DEBE39A3EB1C}.UAT|Any CPU.Build.0 = Debug|Any CPU
		{B0AE9946-F713-4603-B91A-AF98FE4E7782}.Debug|Any CPU.ActiveCfg = Debug|Any CPU
		{B0AE9946-F713-4603-B91A-AF98FE4E7782}.Debug|Any CPU.Build.0 = Debug|Any CPU
		{B0AE9946-F713-4603-B91A-AF98FE4E7782}.LKW|Any CPU.ActiveCfg = Release|Any CPU
		{B0AE9946-F713-4603-B91A-AF98FE4E7782}.LKW|Any CPU.Build.0 = Release|Any CPU
		{B0AE9946-F713-4603-B91A-AF98FE4E7782}.MMH|Any CPU.ActiveCfg = Release|Any CPU
		{B0AE9946-F713-4603-B91A-AF98FE4E7782}.MMH|Any CPU.Build.0 = Release|Any CPU
		{B0AE9946-F713-4603-B91A-AF98FE4E7782}.Release|Any CPU.ActiveCfg = Release|Any CPU
		{B0AE9946-F713-4603-B91A-AF98FE4E7782}.Release|Any CPU.Build.0 = Release|Any CPU
		{B0AE9946-F713-4603-B91A-AF98FE4E7782}.UAT|Any CPU.ActiveCfg = Release|Any CPU
		{B0AE9946-F713-4603-B91A-AF98FE4E7782}.UAT|Any CPU.Build.0 = Release|Any CPU
	EndGlobalSection
	GlobalSection(SolutionProperties) = preSolution
		HideSolutionNode = FALSE
	EndGlobalSection
	GlobalSection(NestedProjects) = preSolution
		{79F1C361-B77C-4B11-87FE-4D22AB95FDF0} = {4B17FD2F-278C-488A-BF20-7CC885F5C140}
		{84DC3195-F99D-4891-831A-379158E32CC1} = {730E7A0B-2060-4373-B3EC-981088B57909}
		{EACE7539-305A-4471-962E-76074FDF10AD} = {84DC3195-F99D-4891-831A-379158E32CC1}
		{B4571BD8-A084-4DF6-AF82-4E9F502E13EC} = {84DC3195-F99D-4891-831A-379158E32CC1}
		{5B6454A0-8779-4BAC-87DC-9EA5B3B7828E} = {58C8F555-3A44-40FB-A119-DB0D0EB945C7}
		{BFD5F49C-94A9-461D-8568-AB2E9A3D0458} = {58C8F555-3A44-40FB-A119-DB0D0EB945C7}
		{58C8F555-3A44-40FB-A119-DB0D0EB945C7} = {84DC3195-F99D-4891-831A-379158E32CC1}
		{6CB1589F-F819-4890-A8D0-27F8E7B0AA4D} = {84DC3195-F99D-4891-831A-379158E32CC1}
		{24B0DCBD-8DA5-427E-A9C2-66A17A6E6ACB} = {6CB1589F-F819-4890-A8D0-27F8E7B0AA4D}
		{F6711200-D480-40FC-A8E0-7D5BC9D88F43} = {6CB1589F-F819-4890-A8D0-27F8E7B0AA4D}
		{9E7E3330-DE3F-48E4-8A91-5583F3D6DEAF} = {730E7A0B-2060-4373-B3EC-981088B57909}
		{A6F77828-7D75-4D1B-88C2-5219B79B4ABA} = {84DC3195-F99D-4891-831A-379158E32CC1}
		{6DBCAB77-6950-4961-8CA5-A6E6D56FB247} = {9E7E3330-DE3F-48E4-8A91-5583F3D6DEAF}
		{EC70B8C5-9062-4240-ABCA-63AF51322320} = {9E7E3330-DE3F-48E4-8A91-5583F3D6DEAF}
		{7E9D16CE-67A0-4A00-9C64-E0142AC815AC} = {9E7E3330-DE3F-48E4-8A91-5583F3D6DEAF}
		{D8605C39-316E-4955-B244-048C71F23164} = {9E7E3330-DE3F-48E4-8A91-5583F3D6DEAF}
		{2AC50A4F-AC40-4CBF-9159-1FF51A17F4CE} = {6DBCAB77-6950-4961-8CA5-A6E6D56FB247}
		{C781E870-2A5E-4F79-8644-2A6611A2EFDB} = {6DBCAB77-6950-4961-8CA5-A6E6D56FB247}
		{1F9BEBEB-1B44-44F6-84D0-236908C0765D} = {EC70B8C5-9062-4240-ABCA-63AF51322320}
		{252FBE44-4A26-4C1B-AA0F-C870DD9DA7E2} = {EC70B8C5-9062-4240-ABCA-63AF51322320}
		{730E7A0B-2060-4373-B3EC-981088B57909} = {4B17FD2F-278C-488A-BF20-7CC885F5C140}
		{B1529FD4-C051-4FA3-B768-DEBE39A3EB1C} = {84DC3195-F99D-4891-831A-379158E32CC1}
	EndGlobalSection
	GlobalSection(ExtensibilityGlobals) = postSolution
		SolutionGuid = {6B483B91-E0DA-4D86-9F75-08DB947BB0B7}
	EndGlobalSection
EndGlobal
